
Microsoft Visual Studio Solution File, Format Version 12.00
# Visual Studio Version 16
VisualStudioVersion = 16.0.30611.23
MinimumVisualStudioVersion = 10.0.40219.1
Project("{FAE04EC0-301F-11D3-BF4B-00C04F79EFBC}") = "WebApplication", "WebApplication\WebApplication.csproj", "{71AFBBF7-9A44-4745-B9E9-94483A2E5E3B}"
EndProject
Global
	GlobalSection(SolutionConfigurationPlatforms) = preSolution
		Debug|Any CPU = Debug|Any CPU
		Release|Any CPU = Release|Any CPU
	EndGlobalSection
	GlobalSection(ProjectConfigurationPlatforms) = postSolution
		{71AFBBF7-9A44-4745-B9E9-94483A2E5E3B}.Debug|Any CPU.ActiveCfg = Debug|Any CPU
		{71AFBBF7-9A44-4745-B9E9-94483A2E5E3B}.Debug|Any CPU.Build.0 = Debug|Any CPU
		{71AFBBF7-9A44-4745-B9E9-94483A2E5E3B}.Release|Any CPU.ActiveCfg = Release|Any CPU
		{71AFBBF7-9A44-4745-B9E9-94483A2E5E3B}.Release|Any CPU.Build.0 = Release|Any CPU
	EndGlobalSection
	GlobalSection(SolutionProperties) = preSolution
		HideSolutionNode = FALSE
	EndGlobalSection
	GlobalSection(ExtensibilityGlobals) = postSolution
		SolutionGuid = {A917E536-ACA5-4AC1-AA8A-574609624DF3}
	EndGlobalSection
EndGlobal
